
Microsoft Visual Studio Solution File, Format Version 12.00
# Visual Studio Version 17
VisualStudioVersion = 17.7.34024.191
MinimumVisualStudioVersion = 10.0.40219.1
Project("{FAE04EC0-301F-11D3-BF4B-00C04F79EFBC}") = "xmlproject", "xmlproject\xmlproject.csproj", "{7078866E-22FB-40A3-B236-90AB946E94E9}"
EndProject
Global
	GlobalSection(SolutionConfigurationPlatforms) = preSolution
		Debug|Any CPU = Debug|Any CPU
		Release|Any CPU = Release|Any CPU
	EndGlobalSection
	GlobalSection(ProjectConfigurationPlatforms) = postSolution
		{7078866E-22FB-40A3-B236-90AB946E94E9}.Debug|Any CPU.ActiveCfg = Debug|Any CPU
		{7078866E-22FB-40A3-B236-90AB946E94E9}.Debug|Any CPU.Build.0 = Debug|Any CPU
		{7078866E-22FB-40A3-B236-90AB946E94E9}.Release|Any CPU.ActiveCfg = Release|Any CPU
		{7078866E-22FB-40A3-B236-90AB946E94E9}.Release|Any CPU.Build.0 = Release|Any CPU
	EndGlobalSection
	GlobalSection(SolutionProperties) = preSolution
		HideSolutionNode = FALSE
	EndGlobalSection
	GlobalSection(ExtensibilityGlobals) = postSolution
		SolutionGuid = {40156F4C-6391-4189-B21A-898D095FB792}
	EndGlobalSection
EndGlobal
